// !$*UTF8*$!
{
	archiveVersion = 1;
	classes = {
	};
	objectVersion = 50;
	objects = {

/* Begin PBXBuildFile section */
		458AC88F05AF58FC7D3C6BF8 /* Pods_SSPlaceHolderTableView.framework in Frameworks */ = {isa = PBXBuildFile; fileRef = C60C807B9961F6410C5993E9 /* Pods_SSPlaceHolderTableView.framework */; };
		81265DA221E894380001C11B /* AppDelegate.swift in Sources */ = {isa = PBXBuildFile; fileRef = 81265DA121E894380001C11B /* AppDelegate.swift */; };
		81265DA421E894380001C11B /* ViewController.swift in Sources */ = {isa = PBXBuildFile; fileRef = 81265DA321E894380001C11B /* ViewController.swift */; };
		81265DA721E894380001C11B /* Main.storyboard in Resources */ = {isa = PBXBuildFile; fileRef = 81265DA521E894380001C11B /* Main.storyboard */; };
		81265DA921E894390001C11B /* Assets.xcassets in Resources */ = {isa = PBXBuildFile; fileRef = 81265DA821E894390001C11B /* Assets.xcassets */; };
		81265DAC21E894390001C11B /* LaunchScreen.storyboard in Resources */ = {isa = PBXBuildFile; fileRef = 81265DAA21E894390001C11B /* LaunchScreen.storyboard */; };
		81265DB421E89F8F0001C11B /* TableView.swift in Sources */ = {isa = PBXBuildFile; fileRef = 81265DB321E89F8F0001C11B /* TableView.swift */; };
		8135D142224E1D9700B1CD0D /* Reachability.swift in Sources */ = {isa = PBXBuildFile; fileRef = 8135D141224E1D9700B1CD0D /* Reachability.swift */; };
		814D9F9B224E657600348A41 /* TableView.png in Resources */ = {isa = PBXBuildFile; fileRef = 814D9F99224E657600348A41 /* TableView.png */; };
		814D9F9C224E657600348A41 /* CollectionView.png in Resources */ = {isa = PBXBuildFile; fileRef = 814D9F9A224E657600348A41 /* CollectionView.png */; };
		81539F1621EF0C51003F4F93 /* LoadingView.swift in Sources */ = {isa = PBXBuildFile; fileRef = 81539F1521EF0C51003F4F93 /* LoadingView.swift */; };
		81539F1821EF0C5F003F4F93 /* LoadingView.xib in Resources */ = {isa = PBXBuildFile; fileRef = 81539F1721EF0C5F003F4F93 /* LoadingView.xib */; };
		81539F1B21EF2029003F4F93 /* NoDataView.swift in Sources */ = {isa = PBXBuildFile; fileRef = 81539F1921EF2029003F4F93 /* NoDataView.swift */; };
		81539F1C21EF204F003F4F93 /* NoDataView.xib in Resources */ = {isa = PBXBuildFile; fileRef = 81539F1A21EF2029003F4F93 /* NoDataView.xib */; };
		8170AB2A21F5BF3B0013C30D /* Extensions.swift in Sources */ = {isa = PBXBuildFile; fileRef = 8170AB2921F5BF3B0013C30D /* Extensions.swift */; };
		81A96F7121F06240002915D4 /* NetworkUnavailableView.swift in Sources */ = {isa = PBXBuildFile; fileRef = 81A96F7021F06240002915D4 /* NetworkUnavailableView.swift */; };
		81A96F7221F077F6002915D4 /* NetworkUnavailableView.xib in Resources */ = {isa = PBXBuildFile; fileRef = 81A96F6F21F06240002915D4 /* NetworkUnavailableView.xib */; };
		81A96F7421F1A54F002915D4 /* CollectionView.swift in Sources */ = {isa = PBXBuildFile; fileRef = 81A96F7321F1A54F002915D4 /* CollectionView.swift */; };
		81A96F7621F1C964002915D4 /* ViewController2.swift in Sources */ = {isa = PBXBuildFile; fileRef = 81A96F7521F1C964002915D4 /* ViewController2.swift */; };
/* End PBXBuildFile section */

/* Begin PBXFileReference section */
		2E04D14E6FF42339D25F3403 /* Pods-SSPlaceHolderTableView.release.xcconfig */ = {isa = PBXFileReference; includeInIndex = 1; lastKnownFileType = text.xcconfig; name = "Pods-SSPlaceHolderTableView.release.xcconfig"; path = "Target Support Files/Pods-SSPlaceHolderTableView/Pods-SSPlaceHolderTableView.release.xcconfig"; sourceTree = "<group>"; };
		81265D9E21E894380001C11B /* SSPlaceHolderTableView.app */ = {isa = PBXFileReference; explicitFileType = wrapper.application; includeInIndex = 0; path = SSPlaceHolderTableView.app; sourceTree = BUILT_PRODUCTS_DIR; };
		81265DA121E894380001C11B /* AppDelegate.swift */ = {isa = PBXFileReference; lastKnownFileType = sourcecode.swift; path = AppDelegate.swift; sourceTree = "<group>"; };
		81265DA321E894380001C11B /* ViewController.swift */ = {isa = PBXFileReference; lastKnownFileType = sourcecode.swift; path = ViewController.swift; sourceTree = "<group>"; };
		81265DA621E894380001C11B /* Base */ = {isa = PBXFileReference; lastKnownFileType = file.storyboard; name = Base; path = Base.lproj/Main.storyboard; sourceTree = "<group>"; };
		81265DA821E894390001C11B /* Assets.xcassets */ = {isa = PBXFileReference; lastKnownFileType = folder.assetcatalog; path = Assets.xcassets; sourceTree = "<group>"; };
		81265DAB21E894390001C11B /* Base */ = {isa = PBXFileReference; lastKnownFileType = file.storyboard; name = Base; path = Base.lproj/LaunchScreen.storyboard; sourceTree = "<group>"; };
		81265DAD21E894390001C11B /* Info.plist */ = {isa = PBXFileReference; lastKnownFileType = text.plist.xml; path = Info.plist; sourceTree = "<group>"; };
		81265DB321E89F8F0001C11B /* TableView.swift */ = {isa = PBXFileReference; lastKnownFileType = sourcecode.swift; path = TableView.swift; sourceTree = "<group>"; };
		8135D141224E1D9700B1CD0D /* Reachability.swift */ = {isa = PBXFileReference; fileEncoding = 4; lastKnownFileType = sourcecode.swift; path = Reachability.swift; sourceTree = "<group>"; };
		814D9F99224E657600348A41 /* TableView.png */ = {isa = PBXFileReference; lastKnownFileType = image.png; path = TableView.png; sourceTree = "<group>"; };
		814D9F9A224E657600348A41 /* CollectionView.png */ = {isa = PBXFileReference; lastKnownFileType = image.png; path = CollectionView.png; sourceTree = "<group>"; };
		81539F1521EF0C51003F4F93 /* LoadingView.swift */ = {isa = PBXFileReference; lastKnownFileType = sourcecode.swift; path = LoadingView.swift; sourceTree = "<group>"; };
		81539F1721EF0C5F003F4F93 /* LoadingView.xib */ = {isa = PBXFileReference; lastKnownFileType = file.xib; path = LoadingView.xib; sourceTree = "<group>"; };
		81539F1921EF2029003F4F93 /* NoDataView.swift */ = {isa = PBXFileReference; lastKnownFileType = sourcecode.swift; path = NoDataView.swift; sourceTree = "<group>"; };
		81539F1A21EF2029003F4F93 /* NoDataView.xib */ = {isa = PBXFileReference; lastKnownFileType = file.xib; path = NoDataView.xib; sourceTree = "<group>"; };
		8170AB2921F5BF3B0013C30D /* Extensions.swift */ = {isa = PBXFileReference; lastKnownFileType = sourcecode.swift; path = Extensions.swift; sourceTree = "<group>"; };
		81A96F6F21F06240002915D4 /* NetworkUnavailableView.xib */ = {isa = PBXFileReference; lastKnownFileType = file.xib; path = NetworkUnavailableView.xib; sourceTree = "<group>"; };
		81A96F7021F06240002915D4 /* NetworkUnavailableView.swift */ = {isa = PBXFileReference; lastKnownFileType = sourcecode.swift; path = NetworkUnavailableView.swift; sourceTree = "<group>"; };
		81A96F7321F1A54F002915D4 /* CollectionView.swift */ = {isa = PBXFileReference; lastKnownFileType = sourcecode.swift; path = CollectionView.swift; sourceTree = "<group>"; };
		81A96F7521F1C964002915D4 /* ViewController2.swift */ = {isa = PBXFileReference; lastKnownFileType = sourcecode.swift; path = ViewController2.swift; sourceTree = "<group>"; };
		C60C807B9961F6410C5993E9 /* Pods_SSPlaceHolderTableView.framework */ = {isa = PBXFileReference; explicitFileType = wrapper.framework; includeInIndex = 0; path = Pods_SSPlaceHolderTableView.framework; sourceTree = BUILT_PRODUCTS_DIR; };
		CF6D03242DF5CD118D7969D4 /* Pods-SSPlaceHolderTableView.debug.xcconfig */ = {isa = PBXFileReference; includeInIndex = 1; lastKnownFileType = text.xcconfig; name = "Pods-SSPlaceHolderTableView.debug.xcconfig"; path = "Target Support Files/Pods-SSPlaceHolderTableView/Pods-SSPlaceHolderTableView.debug.xcconfig"; sourceTree = "<group>"; };
/* End PBXFileReference section */

/* Begin PBXFrameworksBuildPhase section */
		81265D9B21E894380001C11B /* Frameworks */ = {
			isa = PBXFrameworksBuildPhase;
			buildActionMask = 2147483647;
			files = (
				458AC88F05AF58FC7D3C6BF8 /* Pods_SSPlaceHolderTableView.framework in Frameworks */,
			);
			runOnlyForDeploymentPostprocessing = 0;
		};
/* End PBXFrameworksBuildPhase section */

/* Begin PBXGroup section */
		1A5C5E4DC167BCC1FF792245 /* Pods */ = {
			isa = PBXGroup;
			children = (
				CF6D03242DF5CD118D7969D4 /* Pods-SSPlaceHolderTableView.debug.xcconfig */,
				2E04D14E6FF42339D25F3403 /* Pods-SSPlaceHolderTableView.release.xcconfig */,
			);
			path = Pods;
			sourceTree = "<group>";
		};
		81265D9521E894380001C11B = {
			isa = PBXGroup;
			children = (
				81265DA021E894380001C11B /* SSPlaceHolderTableView */,
				81265D9F21E894380001C11B /* Products */,
				E935BDBEA14FCB0D2F242C8D /* Frameworks */,
				1A5C5E4DC167BCC1FF792245 /* Pods */,
			);
			sourceTree = "<group>";
		};
		81265D9F21E894380001C11B /* Products */ = {
			isa = PBXGroup;
			children = (
				81265D9E21E894380001C11B /* SSPlaceHolderTableView.app */,
			);
			name = Products;
			sourceTree = "<group>";
		};
		81265DA021E894380001C11B /* SSPlaceHolderTableView */ = {
			isa = PBXGroup;
			children = (
				81B7E48D2255C2AF001A069F /* Example */,
				814D9F98224E655C00348A41 /* ScreenShot */,
				8135D143224E1E5E00B1CD0D /* XIB */,
				81BC0BB6224E0AD400AE73C2 /* Library */,
				81265DA121E894380001C11B /* AppDelegate.swift */,
				81265DAA21E894390001C11B /* LaunchScreen.storyboard */,
				81265DAD21E894390001C11B /* Info.plist */,
				81265DA821E894390001C11B /* Assets.xcassets */,
			);
			path = SSPlaceHolderTableView;
			sourceTree = "<group>";
		};
		8135D143224E1E5E00B1CD0D /* XIB */ = {
			isa = PBXGroup;
			children = (
				81539F1A21EF2029003F4F93 /* NoDataView.xib */,
				81539F1721EF0C5F003F4F93 /* LoadingView.xib */,
				81A96F6F21F06240002915D4 /* NetworkUnavailableView.xib */,
			);
			path = XIB;
			sourceTree = "<group>";
		};
		814D9F98224E655C00348A41 /* ScreenShot */ = {
			isa = PBXGroup;
			children = (
				814D9F9A224E657600348A41 /* CollectionView.png */,
				814D9F99224E657600348A41 /* TableView.png */,
			);
			path = ScreenShot;
			sourceTree = "<group>";
		};
		81B7E48D2255C2AF001A069F /* Example */ = {
			isa = PBXGroup;
			children = (
				81265DA321E894380001C11B /* ViewController.swift */,
				81A96F7521F1C964002915D4 /* ViewController2.swift */,
				81265DA521E894380001C11B /* Main.storyboard */,
			);
			path = Example;
			sourceTree = "<group>";
		};
		81BC0BB6224E0AD400AE73C2 /* Library */ = {
			isa = PBXGroup;
			children = (
				8135D141224E1D9700B1CD0D /* Reachability.swift */,
				81265DB321E89F8F0001C11B /* TableView.swift */,
				81A96F7321F1A54F002915D4 /* CollectionView.swift */,
				81539F1921EF2029003F4F93 /* NoDataView.swift */,
				81539F1521EF0C51003F4F93 /* LoadingView.swift */,
				81A96F7021F06240002915D4 /* NetworkUnavailableView.swift */,
				8170AB2921F5BF3B0013C30D /* Extensions.swift */,
			);
			path = Library;
			sourceTree = "<group>";
		};
		E935BDBEA14FCB0D2F242C8D /* Frameworks */ = {
			isa = PBXGroup;
			children = (
				C60C807B9961F6410C5993E9 /* Pods_SSPlaceHolderTableView.framework */,
			);
			name = Frameworks;
			sourceTree = "<group>";
		};
/* End PBXGroup section */

/* Begin PBXNativeTarget section */
		81265D9D21E894380001C11B /* SSPlaceHolderTableView */ = {
			isa = PBXNativeTarget;
			buildConfigurationList = 81265DB021E894390001C11B /* Build configuration list for PBXNativeTarget "SSPlaceHolderTableView" */;
			buildPhases = (
				1E7484FFA85409C194C729CE /* [CP] Check Pods Manifest.lock */,
				81265D9A21E894380001C11B /* Sources */,
				81265D9B21E894380001C11B /* Frameworks */,
				81265D9C21E894380001C11B /* Resources */,
			);
			buildRules = (
			);
			dependencies = (
			);
			name = SSPlaceHolderTableView;
			productName = SSPlaceHolderTableView;
			productReference = 81265D9E21E894380001C11B /* SSPlaceHolderTableView.app */;
			productType = "com.apple.product-type.application";
		};
/* End PBXNativeTarget section */

/* Begin PBXProject section */
		81265D9621E894380001C11B /* Project object */ = {
			isa = PBXProject;
			attributes = {
				LastSwiftUpdateCheck = 1010;
				LastUpgradeCheck = 1010;
				ORGANIZATIONNAME = "Vishal Patel";
				TargetAttributes = {
					81265D9D21E894380001C11B = {
						CreatedOnToolsVersion = 10.1;
					};
				};
			};
			buildConfigurationList = 81265D9921E894380001C11B /* Build configuration list for PBXProject "SSPlaceHolderTableView" */;
			compatibilityVersion = "Xcode 9.3";
			developmentRegion = en;
			hasScannedForEncodings = 0;
			knownRegions = (
				en,
				Base,
			);
			mainGroup = 81265D9521E894380001C11B;
			productRefGroup = 81265D9F21E894380001C11B /* Products */;
			projectDirPath = "";
			projectRoot = "";
			targets = (
				81265D9D21E894380001C11B /* SSPlaceHolderTableView */,
			);
		};
/* End PBXProject section */

/* Begin PBXResourcesBuildPhase section */
		81265D9C21E894380001C11B /* Resources */ = {
			isa = PBXResourcesBuildPhase;
			buildActionMask = 2147483647;
			files = (
				814D9F9B224E657600348A41 /* TableView.png in Resources */,
				81265DAC21E894390001C11B /* LaunchScreen.storyboard in Resources */,
				81539F1821EF0C5F003F4F93 /* LoadingView.xib in Resources */,
				81A96F7221F077F6002915D4 /* NetworkUnavailableView.xib in Resources */,
				814D9F9C224E657600348A41 /* CollectionView.png in Resources */,
				81265DA921E894390001C11B /* Assets.xcassets in Resources */,
				81265DA721E894380001C11B /* Main.storyboard in Resources */,
				81539F1C21EF204F003F4F93 /* NoDataView.xib in Resources */,
			);
			runOnlyForDeploymentPostprocessing = 0;
		};
/* End PBXResourcesBuildPhase section */

/* Begin PBXShellScriptBuildPhase section */
		1E7484FFA85409C194C729CE /* [CP] Check Pods Manifest.lock */ = {
			isa = PBXShellScriptBuildPhase;
			buildActionMask = 2147483647;
			files = (
			);
			inputPaths = (
				"${PODS_PODFILE_DIR_PATH}/Podfile.lock",
				"${PODS_ROOT}/Manifest.lock",
			);
			name = "[CP] Check Pods Manifest.lock";
			outputPaths = (
				"$(DERIVED_FILE_DIR)/Pods-SSPlaceHolderTableView-checkManifestLockResult.txt",
			);
			runOnlyForDeploymentPostprocessing = 0;
			shellPath = /bin/sh;
			shellScript = "diff \"${PODS_PODFILE_DIR_PATH}/Podfile.lock\" \"${PODS_ROOT}/Manifest.lock\" > /dev/null\nif [ $? != 0 ] ; then\n    # print error to STDERR\n    echo \"error: The sandbox is not in sync with the Podfile.lock. Run 'pod install' or update your CocoaPods installation.\" >&2\n    exit 1\nfi\n# This output is used by Xcode 'outputs' to avoid re-running this script phase.\necho \"SUCCESS\" > \"${SCRIPT_OUTPUT_FILE_0}\"\n";
			showEnvVarsInLog = 0;
		};
/* End PBXShellScriptBuildPhase section */

/* Begin PBXSourcesBuildPhase section */
		81265D9A21E894380001C11B /* Sources */ = {
			isa = PBXSourcesBuildPhase;
			buildActionMask = 2147483647;
			files = (
				81265DA421E894380001C11B /* ViewController.swift in Sources */,
				81A96F7121F06240002915D4 /* NetworkUnavailableView.swift in Sources */,
				81539F1621EF0C51003F4F93 /* LoadingView.swift in Sources */,
				8170AB2A21F5BF3B0013C30D /* Extensions.swift in Sources */,
				81265DB421E89F8F0001C11B /* TableView.swift in Sources */,
				81265DA221E894380001C11B /* AppDelegate.swift in Sources */,
				81539F1B21EF2029003F4F93 /* NoDataView.swift in Sources */,
				8135D142224E1D9700B1CD0D /* Reachability.swift in Sources */,
				81A96F7621F1C964002915D4 /* ViewController2.swift in Sources */,
				81A96F7421F1A54F002915D4 /* CollectionView.swift in Sources */,
			);
			runOnlyForDeploymentPostprocessing = 0;
		};
/* End PBXSourcesBuildPhase section */

/* Begin PBXVariantGroup section */
		81265DA521E894380001C11B /* Main.storyboard */ = {
			isa = PBXVariantGroup;
			children = (
				81265DA621E894380001C11B /* Base */,
			);
			name = Main.storyboard;
			sourceTree = "<group>";
		};
		81265DAA21E894390001C11B /* LaunchScreen.storyboard */ = {
			isa = PBXVariantGroup;
			children = (
				81265DAB21E894390001C11B /* Base */,
			);
			name = LaunchScreen.storyboard;
			sourceTree = "<group>";
		};
/* End PBXVariantGroup section */

/* Begin XCBuildConfiguration section */
		81265DAE21E894390001C11B /* Debug */ = {
			isa = XCBuildConfiguration;
			buildSettings = {
				ALWAYS_SEARCH_USER_PATHS = NO;
				CLANG_ANALYZER_NONNULL = YES;
				CLANG_ANALYZER_NUMBER_OBJECT_CONVERSION = YES_AGGRESSIVE;
				CLANG_CXX_LANGUAGE_STANDARD = "gnu++14";
				CLANG_CXX_LIBRARY = "libc++";
				CLANG_ENABLE_MODULES = YES;
				CLANG_ENABLE_OBJC_ARC = YES;
				CLANG_ENABLE_OBJC_WEAK = YES;
				CLANG_WARN_BLOCK_CAPTURE_AUTORELEASING = YES;
				CLANG_WARN_BOOL_CONVERSION = YES;
				CLANG_WARN_COMMA = YES;
				CLANG_WARN_CONSTANT_CONVERSION = YES;
				CLANG_WARN_DEPRECATED_OBJC_IMPLEMENTATIONS = YES;
				CLANG_WARN_DIRECT_OBJC_ISA_USAGE = YES_ERROR;
				CLANG_WARN_DOCUMENTATION_COMMENTS = YES;
				CLANG_WARN_EMPTY_BODY = YES;
				CLANG_WARN_ENUM_CONVERSION = YES;
				CLANG_WARN_INFINITE_RECURSION = YES;
				CLANG_WARN_INT_CONVERSION = YES;
				CLANG_WARN_NON_LITERAL_NULL_CONVERSION = YES;
				CLANG_WARN_OBJC_IMPLICIT_RETAIN_SELF = YES;
				CLANG_WARN_OBJC_LITERAL_CONVERSION = YES;
				CLANG_WARN_OBJC_ROOT_CLASS = YES_ERROR;
				CLANG_WARN_RANGE_LOOP_ANALYSIS = YES;
				CLANG_WARN_STRICT_PROTOTYPES = YES;
				CLANG_WARN_SUSPICIOUS_MOVE = YES;
				CLANG_WARN_UNGUARDED_AVAILABILITY = YES_AGGRESSIVE;
				CLANG_WARN_UNREACHABLE_CODE = YES;
				CLANG_WARN__DUPLICATE_METHOD_MATCH = YES;
				CODE_SIGN_IDENTITY = "iPhone Developer";
				COPY_PHASE_STRIP = NO;
				DEBUG_INFORMATION_FORMAT = dwarf;
				ENABLE_STRICT_OBJC_MSGSEND = YES;
				ENABLE_TESTABILITY = YES;
				GCC_C_LANGUAGE_STANDARD = gnu11;
				GCC_DYNAMIC_NO_PIC = NO;
				GCC_NO_COMMON_BLOCKS = YES;
				GCC_OPTIMIZATION_LEVEL = 0;
				GCC_PREPROCESSOR_DEFINITIONS = (
					"DEBUG=1",
					"$(inherited)",
				);
				GCC_WARN_64_TO_32_BIT_CONVERSION = YES;
				GCC_WARN_ABOUT_RETURN_TYPE = YES_ERROR;
				GCC_WARN_UNDECLARED_SELECTOR = YES;
				GCC_WARN_UNINITIALIZED_AUTOS = YES_AGGRESSIVE;
				GCC_WARN_UNUSED_FUNCTION = YES;
				GCC_WARN_UNUSED_VARIABLE = YES;
				IPHONEOS_DEPLOYMENT_TARGET = 12.1;
				MTL_ENABLE_DEBUG_INFO = INCLUDE_SOURCE;
				MTL_FAST_MATH = YES;
				ONLY_ACTIVE_ARCH = YES;
				SDKROOT = iphoneos;
				SWIFT_ACTIVE_COMPILATION_CONDITIONS = DEBUG;
				SWIFT_OPTIMIZATION_LEVEL = "-Onone";
			};
			name = Debug;
		};
		81265DAF21E894390001C11B /* Release */ = {
			isa = XCBuildConfiguration;
			buildSettings = {
				ALWAYS_SEARCH_USER_PATHS = NO;
				CLANG_ANALYZER_NONNULL = YES;
				CLANG_ANALYZER_NUMBER_OBJECT_CONVERSION = YES_AGGRESSIVE;
				CLANG_CXX_LANGUAGE_STANDARD = "gnu++14";
				CLANG_CXX_LIBRARY = "libc++";
				CLANG_ENABLE_MODULES = YES;
				CLANG_ENABLE_OBJC_ARC = YES;
				CLANG_ENABLE_OBJC_WEAK = YES;
				CLANG_WARN_BLOCK_CAPTURE_AUTORELEASING = YES;
				CLANG_WARN_BOOL_CONVERSION = YES;
				CLANG_WARN_COMMA = YES;
				CLANG_WARN_CONSTANT_CONVERSION = YES;
				CLANG_WARN_DEPRECATED_OBJC_IMPLEMENTATIONS = YES;
				CLANG_WARN_DIRECT_OBJC_ISA_USAGE = YES_ERROR;
				CLANG_WARN_DOCUMENTATION_COMMENTS = YES;
				CLANG_WARN_EMPTY_BODY = YES;
				CLANG_WARN_ENUM_CONVERSION = YES;
				CLANG_WARN_INFINITE_RECURSION = YES;
				CLANG_WARN_INT_CONVERSION = YES;
				CLANG_WARN_NON_LITERAL_NULL_CONVERSION = YES;
				CLANG_WARN_OBJC_IMPLICIT_RETAIN_SELF = YES;
				CLANG_WARN_OBJC_LITERAL_CONVERSION = YES;
				CLANG_WARN_OBJC_ROOT_CLASS = YES_ERROR;
				CLANG_WARN_RANGE_LOOP_ANALYSIS = YES;
				CLANG_WARN_STRICT_PROTOTYPES = YES;
				CLANG_WARN_SUSPICIOUS_MOVE = YES;
				CLANG_WARN_UNGUARDED_AVAILABILITY = YES_AGGRESSIVE;
				CLANG_WARN_UNREACHABLE_CODE = YES;
				CLANG_WARN__DUPLICATE_METHOD_MATCH = YES;
				CODE_SIGN_IDENTITY = "iPhone Developer";
				COPY_PHASE_STRIP = NO;
				DEBUG_INFORMATION_FORMAT = "dwarf-with-dsym";
				ENABLE_NS_ASSERTIONS = NO;
				ENABLE_STRICT_OBJC_MSGSEND = YES;
				GCC_C_LANGUAGE_STANDARD = gnu11;
				GCC_NO_COMMON_BLOCKS = YES;
				GCC_WARN_64_TO_32_BIT_CONVERSION = YES;
				GCC_WARN_ABOUT_RETURN_TYPE = YES_ERROR;
				GCC_WARN_UNDECLARED_SELECTOR = YES;
				GCC_WARN_UNINITIALIZED_AUTOS = YES_AGGRESSIVE;
				GCC_WARN_UNUSED_FUNCTION = YES;
				GCC_WARN_UNUSED_VARIABLE = YES;
				IPHONEOS_DEPLOYMENT_TARGET = 12.1;
				MTL_ENABLE_DEBUG_INFO = NO;
				MTL_FAST_MATH = YES;
				SDKROOT = iphoneos;
				SWIFT_COMPILATION_MODE = wholemodule;
				SWIFT_OPTIMIZATION_LEVEL = "-O";
				VALIDATE_PRODUCT = YES;
			};
			name = Release;
		};
		81265DB121E894390001C11B /* Debug */ = {
			isa = XCBuildConfiguration;
			baseConfigurationReference = CF6D03242DF5CD118D7969D4 /* Pods-SSPlaceHolderTableView.debug.xcconfig */;
			buildSettings = {
				ASSETCATALOG_COMPILER_APPICON_NAME = AppIcon;
				CODE_SIGN_STYLE = Automatic;
				DEVELOPMENT_TEAM = Y98X8JAPH6;
				INFOPLIST_FILE = SSPlaceHolderTableView/Info.plist;
				IPHONEOS_DEPLOYMENT_TARGET = 11.0;
				LD_RUNPATH_SEARCH_PATHS = (
					"$(inherited)",
					"@executable_path/Frameworks",
				);
				PRODUCT_BUNDLE_IDENTIFIER = com.simform.SSPlaceHolderTableView;
				PRODUCT_NAME = "$(TARGET_NAME)";
				SWIFT_VERSION = 4.2;
				TARGETED_DEVICE_FAMILY = "1,2";
			};
			name = Debug;
		};
		81265DB221E894390001C11B /* Release */ = {
			isa = XCBuildConfiguration;
			baseConfigurationReference = 2E04D14E6FF42339D25F3403 /* Pods-SSPlaceHolderTableView.release.xcconfig */;
			buildSettings = {
				ASSETCATALOG_COMPILER_APPICON_NAME = AppIcon;
				CODE_SIGN_STYLE = Automatic;
				DEVELOPMENT_TEAM = Y98X8JAPH6;
				INFOPLIST_FILE = SSPlaceHolderTableView/Info.plist;
				IPHONEOS_DEPLOYMENT_TARGET = 11.0;
				LD_RUNPATH_SEARCH_PATHS = (
					"$(inherited)",
					"@executable_path/Frameworks",
				);
				PRODUCT_BUNDLE_IDENTIFIER = com.simform.SSPlaceHolderTableView;
				PRODUCT_NAME = "$(TARGET_NAME)";
				SWIFT_VERSION = 4.2;
				TARGETED_DEVICE_FAMILY = "1,2";
			};
			name = Release;
		};
/* End XCBuildConfiguration section */

/* Begin XCConfigurationList section */
		81265D9921E894380001C11B /* Build configuration list for PBXProject "SSPlaceHolderTableView" */ = {
			isa = XCConfigurationList;
			buildConfigurations = (
				81265DAE21E894390001C11B /* Debug */,
				81265DAF21E894390001C11B /* Release */,
			);
			defaultConfigurationIsVisible = 0;
			defaultConfigurationName = Release;
		};
		81265DB021E894390001C11B /* Build configuration list for PBXNativeTarget "SSPlaceHolderTableView" */ = {
			isa = XCConfigurationList;
			buildConfigurations = (
				81265DB121E894390001C11B /* Debug */,
				81265DB221E894390001C11B /* Release */,
			);
			defaultConfigurationIsVisible = 0;
			defaultConfigurationName = Release;
		};
/* End XCConfigurationList section */
	};
	rootObject = 81265D9621E894380001C11B /* Project object */;
}
